// !$*UTF8*$!
{
	archiveVersion = 1;
	classes = {
	};
	objectVersion = 77;
	objects = {

/* Begin PBXContainerItemProxy section */
		FFD963BC2DB0559700463763 /* PBXContainerItemProxy */ = {
			isa = PBXContainerItemProxy;
			containerPortal = FFD963A62DB0559500463763 /* Project object */;
			proxyType = 1;
			remoteGlobalIDString = FFD963AD2DB0559500463763;
			remoteInfo = lunch2;
		};
		FFD963C62DB0559700463763 /* PBXContainerItemProxy */ = {
			isa = PBXContainerItemProxy;
			containerPortal = FFD963A62DB0559500463763 /* Project object */;
			proxyType = 1;
			remoteGlobalIDString = FFD963AD2DB0559500463763;
			remoteInfo = lunch2;
		};
/* End PBXContainerItemProxy section */

/* Begin PBXFileReference section */
		FFD963AE2DB0559500463763 /* lunch2.app */ = {isa = PBXFileReference; explicitFileType = wrapper.application; includeInIndex = 0; path = lunch2.app; sourceTree = BUILT_PRODUCTS_DIR; };
		FFD963BB2DB0559700463763 /* lunch2Tests.xctest */ = {isa = PBXFileReference; explicitFileType = wrapper.cfbundle; includeInIndex = 0; path = lunch2Tests.xctest; sourceTree = BUILT_PRODUCTS_DIR; };
		FFD963C52DB0559700463763 /* lunch2UITests.xctest */ = {isa = PBXFileReference; explicitFileType = wrapper.cfbundle; includeInIndex = 0; path = lunch2UITests.xctest; sourceTree = BUILT_PRODUCTS_DIR; };
/* End PBXFileReference section */

/* Begin PBXFileSystemSynchronizedRootGroup section */
		FFD963B02DB0559500463763 /* lunch2 */ = {
			isa = PBXFileSystemSynchronizedRootGroup;
			path = lunch2;
			sourceTree = "<group>";
		};
		FFD963BE2DB0559700463763 /* lunch2Tests */ = {
			isa = PBXFileSystemSynchronizedRootGroup;
			path = lunch2Tests;
			sourceTree = "<group>";
		};
		FFD963C82DB0559700463763 /* lunch2UITests */ = {
			isa = PBXFileSystemSynchronizedRootGroup;
			path = lunch2UITests;
			sourceTree = "<group>";
		};
/* End PBXFileSystemSynchronizedRootGroup section */

/* Begin PBXFrameworksBuildPhase section */
		FFD963AB2DB0559500463763 /* Frameworks */ = {
			isa = PBXFrameworksBuildPhase;
			buildActionMask = 2147483647;
			files = (
			);
			runOnlyForDeploymentPostprocessing = 0;
		};
		FFD963B82DB0559700463763 /* Frameworks */ = {
			isa = PBXFrameworksBuildPhase;
			buildActionMask = 2147483647;
			files = (
			);
			runOnlyForDeploymentPostprocessing = 0;
		};
		FFD963C22DB0559700463763 /* Frameworks */ = {
			isa = PBXFrameworksBuildPhase;
			buildActionMask = 2147483647;
			files = (
			);
			runOnlyForDeploymentPostprocessing = 0;
		};
/* End PBXFrameworksBuildPhase section */

/* Begin PBXGroup section */
		FFD963A52DB0559500463763 = {
			isa = PBXGroup;
			children = (
				FFD963B02DB0559500463763 /* lunch2 */,
				FFD963BE2DB0559700463763 /* lunch2Tests */,
				FFD963C82DB0559700463763 /* lunch2UITests */,
				FFD963AF2DB0559500463763 /* Products */,
			);
			sourceTree = "<group>";
		};
		FFD963AF2DB0559500463763 /* Products */ = {
			isa = PBXGroup;
			children = (
				FFD963AE2DB0559500463763 /* lunch2.app */,
				FFD963BB2DB0559700463763 /* lunch2Tests.xctest */,
				FFD963C52DB0559700463763 /* lunch2UITests.xctest */,
			);
			name = Products;
			sourceTree = "<group>";
		};
/* End PBXGroup section */

/* Begin PBXNativeTarget section */
		FFD963AD2DB0559500463763 /* lunch2 */ = {
			isa = PBXNativeTarget;
			buildConfigurationList = FFD963CF2DB0559700463763 /* Build configuration list for PBXNativeTarget "lunch2" */;
			buildPhases = (
				FFD963AA2DB0559500463763 /* Sources */,
				FFD963AB2DB0559500463763 /* Frameworks */,
				FFD963AC2DB0559500463763 /* Resources */,
			);
			buildRules = (
			);
			dependencies = (
			);
			fileSystemSynchronizedGroups = (
				FFD963B02DB0559500463763 /* lunch2 */,
			);
			name = lunch2;
			packageProductDependencies = (
			);
			productName = lunch2;
			productReference = FFD963AE2DB0559500463763 /* lunch2.app */;
			productType = "com.apple.product-type.application";
		};
		FFD963BA2DB0559700463763 /* lunch2Tests */ = {
			isa = PBXNativeTarget;
			buildConfigurationList = FFD963D22DB0559700463763 /* Build configuration list for PBXNativeTarget "lunch2Tests" */;
			buildPhases = (
				FFD963B72DB0559700463763 /* Sources */,
				FFD963B82DB0559700463763 /* Frameworks */,
				FFD963B92DB0559700463763 /* Resources */,
			);
			buildRules = (
			);
			dependencies = (
				FFD963BD2DB0559700463763 /* PBXTargetDependency */,
			);
			fileSystemSynchronizedGroups = (
				FFD963BE2DB0559700463763 /* lunch2Tests */,
			);
			name = lunch2Tests;
			packageProductDependencies = (
			);
			productName = lunch2Tests;
			productReference = FFD963BB2DB0559700463763 /* lunch2Tests.xctest */;
			productType = "com.apple.product-type.bundle.unit-test";
		};
		FFD963C42DB0559700463763 /* lunch2UITests */ = {
			isa = PBXNativeTarget;
			buildConfigurationList = FFD963D52DB0559700463763 /* Build configuration list for PBXNativeTarget "lunch2UITests" */;
			buildPhases = (
				FFD963C12DB0559700463763 /* Sources */,
				FFD963C22DB0559700463763 /* Frameworks */,
				FFD963C32DB0559700463763 /* Resources */,
			);
			buildRules = (
			);
			dependencies = (
				FFD963C72DB0559700463763 /* PBXTargetDependency */,
			);
			fileSystemSynchronizedGroups = (
				FFD963C82DB0559700463763 /* lunch2UITests */,
			);
			name = lunch2UITests;
			packageProductDependencies = (
			);
			productName = lunch2UITests;
			productReference = FFD963C52DB0559700463763 /* lunch2UITests.xctest */;
			productType = "com.apple.product-type.bundle.ui-testing";
		};
/* End PBXNativeTarget section */

/* Begin PBXProject section */
		FFD963A62DB0559500463763 /* Project object */ = {
			isa = PBXProject;
			attributes = {
				BuildIndependentTargetsInParallel = 1;
				LastSwiftUpdateCheck = 1630;
				LastUpgradeCheck = 1630;
				TargetAttributes = {
					FFD963AD2DB0559500463763 = {
						CreatedOnToolsVersion = 16.3;
					};
					FFD963BA2DB0559700463763 = {
						CreatedOnToolsVersion = 16.3;
						TestTargetID = FFD963AD2DB0559500463763;
					};
					FFD963C42DB0559700463763 = {
						CreatedOnToolsVersion = 16.3;
						TestTargetID = FFD963AD2DB0559500463763;
					};
				};
			};
			buildConfigurationList = FFD963A92DB0559500463763 /* Build configuration list for PBXProject "lunch2" */;
			developmentRegion = en;
			hasScannedForEncodings = 0;
			knownRegions = (
				en,
				Base,
			);
			mainGroup = FFD963A52DB0559500463763;
			minimizedProjectReferenceProxies = 1;
			packageReferences = (
			);
			preferredProjectObjectVersion = 77;
			productRefGroup = FFD963AF2DB0559500463763 /* Products */;
			projectDirPath = "";
			projectRoot = "";
			targets = (
				FFD963AD2DB0559500463763 /* lunch2 */,
				FFD963BA2DB0559700463763 /* lunch2Tests */,
				FFD963C42DB0559700463763 /* lunch2UITests */,
			);
		};
/* End PBXProject section */

/* Begin PBXResourcesBuildPhase section */
		FFD963AC2DB0559500463763 /* Resources */ = {
			isa = PBXResourcesBuildPhase;
			buildActionMask = 2147483647;
			files = (
			);
			runOnlyForDeploymentPostprocessing = 0;
		};
		FFD963B92DB0559700463763 /* Resources */ = {
			isa = PBXResourcesBuildPhase;
			buildActionMask = 2147483647;
			files = (
			);
			runOnlyForDeploymentPostprocessing = 0;
		};
		FFD963C32DB0559700463763 /* Resources */ = {
			isa = PBXResourcesBuildPhase;
			buildActionMask = 2147483647;
			files = (
			);
			runOnlyForDeploymentPostprocessing = 0;
		};
/* End PBXResourcesBuildPhase section */

/* Begin PBXSourcesBuildPhase section */
		FFD963AA2DB0559500463763 /* Sources */ = {
			isa = PBXSourcesBuildPhase;
			buildActionMask = 2147483647;
			files = (
			);
			runOnlyForDeploymentPostprocessing = 0;
		};
		FFD963B72DB0559700463763 /* Sources */ = {
			isa = PBXSourcesBuildPhase;
			buildActionMask = 2147483647;
			files = (
			);
			runOnlyForDeploymentPostprocessing = 0;
		};
		FFD963C12DB0559700463763 /* Sources */ = {
			isa = PBXSourcesBuildPhase;
			buildActionMask = 2147483647;
			files = (
			);
			runOnlyForDeploymentPostprocessing = 0;
		};
/* End PBXSourcesBuildPhase section */

/* Begin PBXTargetDependency section */
		FFD963BD2DB0559700463763 /* PBXTargetDependency */ = {
			isa = PBXTargetDependency;
			target = FFD963AD2DB0559500463763 /* lunch2 */;
			targetProxy = FFD963BC2DB0559700463763 /* PBXContainerItemProxy */;
		};
		FFD963C72DB0559700463763 /* PBXTargetDependency */ = {
			isa = PBXTargetDependency;
			target = FFD963AD2DB0559500463763 /* lunch2 */;
			targetProxy = FFD963C62DB0559700463763 /* PBXContainerItemProxy */;
		};
/* End PBXTargetDependency section */

/* Begin XCBuildConfiguration section */
		FFD963CD2DB0559700463763 /* Debug */ = {
			isa = XCBuildConfiguration;
			buildSettings = {
				ALWAYS_SEARCH_USER_PATHS = NO;
				ASSETCATALOG_COMPILER_GENERATE_SWIFT_ASSET_SYMBOL_EXTENSIONS = YES;
				CLANG_ANALYZER_NONNULL = YES;
				CLANG_ANALYZER_NUMBER_OBJECT_CONVERSION = YES_AGGRESSIVE;
				CLANG_CXX_LANGUAGE_STANDARD = "gnu++20";
				CLANG_ENABLE_MODULES = YES;
				CLANG_ENABLE_OBJC_ARC = YES;
				CLANG_ENABLE_OBJC_WEAK = YES;
				CLANG_WARN_BLOCK_CAPTURE_AUTORELEASING = YES;
				CLANG_WARN_BOOL_CONVERSION = YES;
				CLANG_WARN_COMMA = YES;
				CLANG_WARN_CONSTANT_CONVERSION = YES;
				CLANG_WARN_DEPRECATED_OBJC_IMPLEMENTATIONS = YES;
				CLANG_WARN_DIRECT_OBJC_ISA_USAGE = YES_ERROR;
				CLANG_WARN_DOCUMENTATION_COMMENTS = YES;
				CLANG_WARN_EMPTY_BODY = YES;
				CLANG_WARN_ENUM_CONVERSION = YES;
				CLANG_WARN_INFINITE_RECURSION = YES;
				CLANG_WARN_INT_CONVERSION = YES;
				CLANG_WARN_NON_LITERAL_NULL_CONVERSION = YES;
				CLANG_WARN_OBJC_IMPLICIT_RETAIN_SELF = YES;
				CLANG_WARN_OBJC_LITERAL_CONVERSION = YES;
				CLANG_WARN_OBJC_ROOT_CLASS = YES_ERROR;
				CLANG_WARN_QUOTED_INCLUDE_IN_FRAMEWORK_HEADER = YES;
				CLANG_WARN_RANGE_LOOP_ANALYSIS = YES;
				CLANG_WARN_STRICT_PROTOTYPES = YES;
				CLANG_WARN_SUSPICIOUS_MOVE = YES;
				CLANG_WARN_UNGUARDED_AVAILABILITY = YES_AGGRESSIVE;
				CLANG_WARN_UNREACHABLE_CODE = YES;
				CLANG_WARN__DUPLICATE_METHOD_MATCH = YES;
				COPY_PHASE_STRIP = NO;
				DEBUG_INFORMATION_FORMAT = dwarf;
				DEVELOPMENT_TEAM = N2S52TMFC2;
				ENABLE_STRICT_OBJC_MSGSEND = YES;
				ENABLE_TESTABILITY = YES;
				ENABLE_USER_SCRIPT_SANDBOXING = YES;
				GCC_C_LANGUAGE_STANDARD = gnu17;
				GCC_DYNAMIC_NO_PIC = NO;
				GCC_NO_COMMON_BLOCKS = YES;
				GCC_OPTIMIZATION_LEVEL = 0;
				GCC_PREPROCESSOR_DEFINITIONS = (
					"DEBUG=1",
					"$(inherited)",
				);
				GCC_WARN_64_TO_32_BIT_CONVERSION = YES;
				GCC_WARN_ABOUT_RETURN_TYPE = YES_ERROR;
				GCC_WARN_UNDECLARED_SELECTOR = YES;
				GCC_WARN_UNINITIALIZED_AUTOS = YES_AGGRESSIVE;
				GCC_WARN_UNUSED_FUNCTION = YES;
				GCC_WARN_UNUSED_VARIABLE = YES;
				IPHONEOS_DEPLOYMENT_TARGET = 18.4;
				LOCALIZATION_PREFERS_STRING_CATALOGS = YES;
				MTL_ENABLE_DEBUG_INFO = INCLUDE_SOURCE;
				MTL_FAST_MATH = YES;
				ONLY_ACTIVE_ARCH = YES;
				SDKROOT = iphoneos;
				SWIFT_ACTIVE_COMPILATION_CONDITIONS = "DEBUG $(inherited)";
				SWIFT_OPTIMIZATION_LEVEL = "-Onone";
			};
			name = Debug;
		};
		FFD963CE2DB0559700463763 /* Release */ = {
			isa = XCBuildConfiguration;
			buildSettings = {
				ALWAYS_SEARCH_USER_PATHS = NO;
				ASSETCATALOG_COMPILER_GENERATE_SWIFT_ASSET_SYMBOL_EXTENSIONS = YES;
				CLANG_ANALYZER_NONNULL = YES;
				CLANG_ANALYZER_NUMBER_OBJECT_CONVERSION = YES_AGGRESSIVE;
				CLANG_CXX_LANGUAGE_STANDARD = "gnu++20";
				CLANG_ENABLE_MODULES = YES;
				CLANG_ENABLE_OBJC_ARC = YES;
				CLANG_ENABLE_OBJC_WEAK = YES;
				CLANG_WARN_BLOCK_CAPTURE_AUTORELEASING = YES;
				CLANG_WARN_BOOL_CONVERSION = YES;
				CLANG_WARN_COMMA = YES;
				CLANG_WARN_CONSTANT_CONVERSION = YES;
				CLANG_WARN_DEPRECATED_OBJC_IMPLEMENTATIONS = YES;
				CLANG_WARN_DIRECT_OBJC_ISA_USAGE = YES_ERROR;
				CLANG_WARN_DOCUMENTATION_COMMENTS = YES;
				CLANG_WARN_EMPTY_BODY = YES;
				CLANG_WARN_ENUM_CONVERSION = YES;
				CLANG_WARN_INFINITE_RECURSION = YES;
				CLANG_WARN_INT_CONVERSION = YES;
				CLANG_WARN_NON_LITERAL_NULL_CONVERSION = YES;
				CLANG_WARN_OBJC_IMPLICIT_RETAIN_SELF = YES;
				CLANG_WARN_OBJC_LITERAL_CONVERSION = YES;
				CLANG_WARN_OBJC_ROOT_CLASS = YES_ERROR;
				CLANG_WARN_QUOTED_INCLUDE_IN_FRAMEWORK_HEADER = YES;
				CLANG_WARN_RANGE_LOOP_ANALYSIS = YES;
				CLANG_WARN_STRICT_PROTOTYPES = YES;
				CLANG_WARN_SUSPICIOUS_MOVE = YES;
				CLANG_WARN_UNGUARDED_AVAILABILITY = YES_AGGRESSIVE;
				CLANG_WARN_UNREACHABLE_CODE = YES;
				CLANG_WARN__DUPLICATE_METHOD_MATCH = YES;
				COPY_PHASE_STRIP = NO;
				DEBUG_INFORMATION_FORMAT = "dwarf-with-dsym";
				DEVELOPMENT_TEAM = N2S52TMFC2;
				ENABLE_NS_ASSERTIONS = NO;
				ENABLE_STRICT_OBJC_MSGSEND = YES;
				ENABLE_USER_SCRIPT_SANDBOXING = YES;
				GCC_C_LANGUAGE_STANDARD = gnu17;
				GCC_NO_COMMON_BLOCKS = YES;
				GCC_WARN_64_TO_32_BIT_CONVERSION = YES;
				GCC_WARN_ABOUT_RETURN_TYPE = YES_ERROR;
				GCC_WARN_UNDECLARED_SELECTOR = YES;
				GCC_WARN_UNINITIALIZED_AUTOS = YES_AGGRESSIVE;
				GCC_WARN_UNUSED_FUNCTION = YES;
				GCC_WARN_UNUSED_VARIABLE = YES;
				IPHONEOS_DEPLOYMENT_TARGET = 18.4;
				LOCALIZATION_PREFERS_STRING_CATALOGS = YES;
				MTL_ENABLE_DEBUG_INFO = NO;
				MTL_FAST_MATH = YES;
				SDKROOT = iphoneos;
				SWIFT_COMPILATION_MODE = wholemodule;
				VALIDATE_PRODUCT = YES;
			};
			name = Release;
		};
		FFD963D02DB0559700463763 /* Debug */ = {
			isa = XCBuildConfiguration;
			buildSettings = {
				ASSETCATALOG_COMPILER_APPICON_NAME = dice;
				ASSETCATALOG_COMPILER_GLOBAL_ACCENT_COLOR_NAME = AccentColor;
				ASSETCATALOG_COMPILER_INCLUDE_ALL_APPICON_ASSETS = NO;
				CODE_SIGN_STYLE = Automatic;
				CURRENT_PROJECT_VERSION = 3;
				DEVELOPMENT_TEAM = N2S52TMFC2;
				ENABLE_PREVIEWS = YES;
				GENERATE_INFOPLIST_FILE = YES;
				INFOPLIST_FILE = "";
				INFOPLIST_KEY_LSApplicationCategoryType = "public.app-category.lifestyle";
				INFOPLIST_KEY_NSLocationAlwaysAndWhenInUseUsageDescription = "我們需要您的定位以便在 Google 地圖上顯示附近的餐廳搜尋結果。\n";
				INFOPLIST_KEY_NSLocationAlwaysUsageDescription = "我們需要您的定位以便在 Google 地圖上顯示附近的餐廳搜尋結果。\n";
				INFOPLIST_KEY_NSLocationTemporaryUsageDescriptionDictionary = "";
				INFOPLIST_KEY_NSLocationUsageDescription = "我們需要您的定位以便在 Google 地圖上顯示附近的餐廳搜尋結果。\n";
				INFOPLIST_KEY_NSLocationWhenInUseUsageDescription = "我們需要您的定位以便在 Google 地圖上顯示附近的餐廳搜尋結果。\n";
				INFOPLIST_KEY_UIApplicationSceneManifest_Generation = YES;
				INFOPLIST_KEY_UIApplicationSupportsIndirectInputEvents = YES;
				INFOPLIST_KEY_UILaunchScreen_Generation = YES;
				INFOPLIST_KEY_UISupportedInterfaceOrientations_iPad = "UIInterfaceOrientationPortrait UIInterfaceOrientationPortraitUpsideDown UIInterfaceOrientationLandscapeLeft UIInterfaceOrientationLandscapeRight";
				INFOPLIST_KEY_UISupportedInterfaceOrientations_iPhone = "UIInterfaceOrientationPortrait UIInterfaceOrientationLandscapeLeft UIInterfaceOrientationLandscapeRight";
				IPHONEOS_DEPLOYMENT_TARGET = 18.0;
				LD_RUNPATH_SEARCH_PATHS = (
					"$(inherited)",
					"@executable_path/Frameworks",
				);
				MARKETING_VERSION = 2.2;
				PRODUCT_BUNDLE_IDENTIFIER = ian49.lunch2;
				PRODUCT_NAME = "$(TARGET_NAME)";
				SWIFT_EMIT_LOC_STRINGS = YES;
				SWIFT_VERSION = 5.0;
				TARGETED_DEVICE_FAMILY = "1,2";
			};
			name = Debug;
		};
		FFD963D12DB0559700463763 /* Release */ = {
			isa = XCBuildConfiguration;
			buildSettings = {
				ASSETCATALOG_COMPILER_APPICON_NAME = dice;
				ASSETCATALOG_COMPILER_GLOBAL_ACCENT_COLOR_NAME = AccentColor;
				ASSETCATALOG_COMPILER_INCLUDE_ALL_APPICON_ASSETS = NO;
				CODE_SIGN_STYLE = Automatic;
				CURRENT_PROJECT_VERSION = 3;
				DEVELOPMENT_TEAM = N2S52TMFC2;
				ENABLE_PREVIEWS = YES;
				GENERATE_INFOPLIST_FILE = YES;
				INFOPLIST_FILE = "";
				INFOPLIST_KEY_LSApplicationCategoryType = "public.app-category.lifestyle";
				INFOPLIST_KEY_NSLocationAlwaysAndWhenInUseUsageDescription = "我們需要您的定位以便在 Google 地圖上顯示附近的餐廳搜尋結果。\n";
				INFOPLIST_KEY_NSLocationAlwaysUsageDescription = "我們需要您的定位以便在 Google 地圖上顯示附近的餐廳搜尋結果。\n";
				INFOPLIST_KEY_NSLocationTemporaryUsageDescriptionDictionary = "";
				INFOPLIST_KEY_NSLocationUsageDescription = "我們需要您的定位以便在 Google 地圖上顯示附近的餐廳搜尋結果。\n";
				INFOPLIST_KEY_NSLocationWhenInUseUsageDescription = "我們需要您的定位以便在 Google 地圖上顯示附近的餐廳搜尋結果。\n";
				INFOPLIST_KEY_UIApplicationSceneManifest_Generation = YES;
				INFOPLIST_KEY_UIApplicationSupportsIndirectInputEvents = YES;
				INFOPLIST_KEY_UILaunchScreen_Generation = YES;
				INFOPLIST_KEY_UISupportedInterfaceOrientations_iPad = "UIInterfaceOrientationPortrait UIInterfaceOrientationPortraitUpsideDown UIInterfaceOrientationLandscapeLeft UIInterfaceOrientationLandscapeRight";
				INFOPLIST_KEY_UISupportedInterfaceOrientations_iPhone = "UIInterfaceOrientationPortrait UIInterfaceOrientationLandscapeLeft UIInterfaceOrientationLandscapeRight";
				IPHONEOS_DEPLOYMENT_TARGET = 18.0;
				LD_RUNPATH_SEARCH_PATHS = (
					"$(inherited)",
					"@executable_path/Frameworks",
				);
				MARKETING_VERSION = 2.2;
				PRODUCT_BUNDLE_IDENTIFIER = ian49.lunch2;
				PRODUCT_NAME = "$(TARGET_NAME)";
				SWIFT_EMIT_LOC_STRINGS = YES;
				SWIFT_VERSION = 5.0;
				TARGETED_DEVICE_FAMILY = "1,2";
			};
			name = Release;
		};
		FFD963D32DB0559700463763 /* Debug */ = {
			isa = XCBuildConfiguration;
			buildSettings = {
				BUNDLE_LOADER = "$(TEST_HOST)";
				CODE_SIGN_STYLE = Automatic;
				CURRENT_PROJECT_VERSION = 1;
				DEVELOPMENT_TEAM = N2S52TMFC2;
				GENERATE_INFOPLIST_FILE = YES;
				IPHONEOS_DEPLOYMENT_TARGET = 18.4;
				MARKETING_VERSION = 1.0;
				PRODUCT_BUNDLE_IDENTIFIER = ian49.lunch2Tests;
				PRODUCT_NAME = "$(TARGET_NAME)";
				SWIFT_EMIT_LOC_STRINGS = NO;
				SWIFT_VERSION = 5.0;
				TARGETED_DEVICE_FAMILY = "1,2";
				TEST_HOST = "$(BUILT_PRODUCTS_DIR)/lunch2.app/$(BUNDLE_EXECUTABLE_FOLDER_PATH)/lunch2";
			};
			name = Debug;
		};
		FFD963D42DB0559700463763 /* Release */ = {
			isa = XCBuildConfiguration;
			buildSettings = {
				BUNDLE_LOADER = "$(TEST_HOST)";
				CODE_SIGN_STYLE = Automatic;
				CURRENT_PROJECT_VERSION = 1;
				DEVELOPMENT_TEAM = N2S52TMFC2;
				GENERATE_INFOPLIST_FILE = YES;
				IPHONEOS_DEPLOYMENT_TARGET = 18.4;
				MARKETING_VERSION = 1.0;
				PRODUCT_BUNDLE_IDENTIFIER = ian49.lunch2Tests;
				PRODUCT_NAME = "$(TARGET_NAME)";
				SWIFT_EMIT_LOC_STRINGS = NO;
				SWIFT_VERSION = 5.0;
				TARGETED_DEVICE_FAMILY = "1,2";
				TEST_HOST = "$(BUILT_PRODUCTS_DIR)/lunch2.app/$(BUNDLE_EXECUTABLE_FOLDER_PATH)/lunch2";
			};
			name = Release;
		};
		FFD963D62DB0559700463763 /* Debug */ = {
			isa = XCBuildConfiguration;
			buildSettings = {
				CODE_SIGN_STYLE = Automatic;
				CURRENT_PROJECT_VERSION = 1;
				DEVELOPMENT_TEAM = N2S52TMFC2;
				GENERATE_INFOPLIST_FILE = YES;
				MARKETING_VERSION = 1.0;
				PRODUCT_BUNDLE_IDENTIFIER = ian49.lunch2UITests;
				PRODUCT_NAME = "$(TARGET_NAME)";
				SWIFT_EMIT_LOC_STRINGS = NO;
				SWIFT_VERSION = 5.0;
				TARGETED_DEVICE_FAMILY = "1,2";
				TEST_TARGET_NAME = lunch2;
			};
			name = Debug;
		};
		FFD963D72DB0559700463763 /* Release */ = {
			isa = XCBuildConfiguration;
			buildSettings = {
				CODE_SIGN_STYLE = Automatic;
				CURRENT_PROJECT_VERSION = 1;
				DEVELOPMENT_TEAM = N2S52TMFC2;
				GENERATE_INFOPLIST_FILE = YES;
				MARKETING_VERSION = 1.0;
				PRODUCT_BUNDLE_IDENTIFIER = ian49.lunch2UITests;
				PRODUCT_NAME = "$(TARGET_NAME)";
				SWIFT_EMIT_LOC_STRINGS = NO;
				SWIFT_VERSION = 5.0;
				TARGETED_DEVICE_FAMILY = "1,2";
				TEST_TARGET_NAME = lunch2;
			};
			name = Release;
		};
/* End XCBuildConfiguration section */

/* Begin XCConfigurationList section */
		FFD963A92DB0559500463763 /* Build configuration list for PBXProject "lunch2" */ = {
			isa = XCConfigurationList;
			buildConfigurations = (
				FFD963CD2DB0559700463763 /* Debug */,
				FFD963CE2DB0559700463763 /* Release */,
			);
			defaultConfigurationIsVisible = 0;
			defaultConfigurationName = Release;
		};
		FFD963CF2DB0559700463763 /* Build configuration list for PBXNativeTarget "lunch2" */ = {
			isa = XCConfigurationList;
			buildConfigurations = (
				FFD963D02DB0559700463763 /* Debug */,
				FFD963D12DB0559700463763 /* Release */,
			);
			defaultConfigurationIsVisible = 0;
			defaultConfigurationName = Release;
		};
		FFD963D22DB0559700463763 /* Build configuration list for PBXNativeTarget "lunch2Tests" */ = {
			isa = XCConfigurationList;
			buildConfigurations = (
				FFD963D32DB0559700463763 /* Debug */,
				FFD963D42DB0559700463763 /* Release */,
			);
			defaultConfigurationIsVisible = 0;
			defaultConfigurationName = Release;
		};
		FFD963D52DB0559700463763 /* Build configuration list for PBXNativeTarget "lunch2UITests" */ = {
			isa = XCConfigurationList;
			buildConfigurations = (
				FFD963D62DB0559700463763 /* Debug */,
				FFD963D72DB0559700463763 /* Release */,
			);
			defaultConfigurationIsVisible = 0;
			defaultConfigurationName = Release;
		};
/* End XCConfigurationList section */
	};
	rootObject = FFD963A62DB0559500463763 /* Project object */;
}
